
Microsoft Visual Studio Solution File, Format Version 12.00
# Visual Studio Version 16
VisualStudioVersion = 16.0.29609.76
MinimumVisualStudioVersion = 10.0.40219.1
Project("{FAE04EC0-301F-11D3-BF4B-00C04F79EFBC}") = "ExcelTestResults.SpecSyncPlugin", "ExcelTestResults.SpecSyncPlugin\ExcelTestResults.SpecSyncPlugin.csproj", "{A92B8070-CF00-498A-A745-7D88B39A7A22}"
EndProject
Global
	GlobalSection(SolutionConfigurationPlatforms) = preSolution
		Debug|Any CPU = Debug|Any CPU
		Release|Any CPU = Release|Any CPU
	EndGlobalSection
	GlobalSection(ProjectConfigurationPlatforms) = postSolution
		{A92B8070-CF00-498A-A745-7D88B39A7A22}.Debug|Any CPU.ActiveCfg = Debug|Any CPU
		{A92B8070-CF00-498A-A745-7D88B39A7A22}.Debug|Any CPU.Build.0 = Debug|Any CPU
		{A92B8070-CF00-498A-A745-7D88B39A7A22}.Release|Any CPU.ActiveCfg = Release|Any CPU
		{A92B8070-CF00-498A-A745-7D88B39A7A22}.Release|Any CPU.Build.0 = Release|Any CPU
	EndGlobalSection
	GlobalSection(SolutionProperties) = preSolution
		HideSolutionNode = FALSE
	EndGlobalSection
	GlobalSection(ExtensibilityGlobals) = postSolution
		SolutionGuid = {0D90F757-5CA5-44D9-8C16-A8633B83F689}
	EndGlobalSection
EndGlobal
