
Microsoft Visual Studio Solution File, Format Version 12.00
# Visual Studio Version 17
VisualStudioVersion = 17.3.32929.385
MinimumVisualStudioVersion = 10.0.40219.1
Project("{FAE04EC0-301F-11D3-BF4B-00C04F79EFBC}") = "ExcelTestSource.SpecSyncPlugin", "ExcelTestSource.SpecSyncPlugin\ExcelTestSource.SpecSyncPlugin.csproj", "{40AF72F4-C080-4763-97D6-5F4B9862E248}"
EndProject
Project("{E24C65DC-7377-472B-9ABA-BC803B73C61A}") = "SampleProject", "SampleProject\", "{11E13B13-F13B-4607-BA37-83281959B802}"
	ProjectSection(WebsiteProperties) = preProject
		TargetFrameworkMoniker = ".NETFramework,Version%3Dv4.0"
		Debug.AspNetCompiler.VirtualPath = "/localhost_65493"
		Debug.AspNetCompiler.PhysicalPath = "SampleProject\"
		Debug.AspNetCompiler.TargetPath = "PrecompiledWeb\localhost_65493\"
		Debug.AspNetCompiler.Updateable = "true"
		Debug.AspNetCompiler.ForceOverwrite = "true"
		Debug.AspNetCompiler.FixedNames = "false"
		Debug.AspNetCompiler.Debug = "True"
		Release.AspNetCompiler.VirtualPath = "/localhost_65493"
		Release.AspNetCompiler.PhysicalPath = "SampleProject\"
		Release.AspNetCompiler.TargetPath = "PrecompiledWeb\localhost_65493\"
		Release.AspNetCompiler.Updateable = "true"
		Release.AspNetCompiler.ForceOverwrite = "true"
		Release.AspNetCompiler.FixedNames = "false"
		Release.AspNetCompiler.Debug = "False"
		VWDPort = "65493"
		SlnRelativePath = "SampleProject\"
	EndProjectSection
EndProject
Global
	GlobalSection(SolutionConfigurationPlatforms) = preSolution
		Debug|Any CPU = Debug|Any CPU
		Release|Any CPU = Release|Any CPU
	EndGlobalSection
	GlobalSection(ProjectConfigurationPlatforms) = postSolution
		{40AF72F4-C080-4763-97D6-5F4B9862E248}.Debug|Any CPU.ActiveCfg = Debug|Any CPU
		{40AF72F4-C080-4763-97D6-5F4B9862E248}.Debug|Any CPU.Build.0 = Debug|Any CPU
		{40AF72F4-C080-4763-97D6-5F4B9862E248}.Release|Any CPU.ActiveCfg = Release|Any CPU
		{40AF72F4-C080-4763-97D6-5F4B9862E248}.Release|Any CPU.Build.0 = Release|Any CPU
		{11E13B13-F13B-4607-BA37-83281959B802}.Debug|Any CPU.ActiveCfg = Debug|Any CPU
		{11E13B13-F13B-4607-BA37-83281959B802}.Release|Any CPU.ActiveCfg = Debug|Any CPU
	EndGlobalSection
	GlobalSection(SolutionProperties) = preSolution
		HideSolutionNode = FALSE
	EndGlobalSection
	GlobalSection(ExtensibilityGlobals) = postSolution
		SolutionGuid = {6B77AF69-2970-4010-9FAB-11FBAE043CE8}
	EndGlobalSection
EndGlobal
